<?xml version="1.0" encoding="UTF-8"?>
<!DOCTYPE plist PUBLIC "-//Apple//DTD PLIST 1.0//EN" "http://www.apple.com/DTDs/PropertyList-1.0.dtd">
<plist version="1.0">
<dict>
	<key>archiveVersion</key>
	<string>1</string>
	<key>classes</key>
	<dict/>
	<key>objectVersion</key>
	<string>46</string>
	<key>objects</key>
	<dict>
		<key>9170B00B1B75A11B002BE0A7</key>
		<dict>
			<key>children</key>
			<array>
				<string>9170B0161B75A11B002BE0A7</string>
				<string>9170B02C1B75A11B002BE0A7</string>
				<string>9170B0151B75A11B002BE0A7</string>
			</array>
			<key>isa</key>
			<string>PBXGroup</string>
			<key>sourceTree</key>
			<string>&lt;group&gt;</string>
		</dict>
		<key>9170B00C1B75A11B002BE0A7</key>
		<dict>
			<key>attributes</key>
			<dict>
				<key>LastUpgradeCheck</key>
				<string>0640</string>
				<key>ORGANIZATIONNAME</key>
				<string>xxxAIRINxxx</string>
				<key>TargetAttributes</key>
				<dict>
					<key>9170B0131B75A11B002BE0A7</key>
					<dict>
						<key>CreatedOnToolsVersion</key>
						<string>6.4</string>
					</dict>
					<key>9170B0281B75A11B002BE0A7</key>
					<dict>
						<key>CreatedOnToolsVersion</key>
						<string>6.4</string>
						<key>TestTargetID</key>
						<string>9170B0131B75A11B002BE0A7</string>
					</dict>
				</dict>
			</dict>
			<key>buildConfigurationList</key>
			<string>9170B00F1B75A11B002BE0A7</string>
			<key>compatibilityVersion</key>
			<string>Xcode 3.2</string>
			<key>developmentRegion</key>
			<string>English</string>
			<key>hasScannedForEncodings</key>
			<string>0</string>
			<key>isa</key>
			<string>PBXProject</string>
			<key>knownRegions</key>
			<array>
				<string>en</string>
				<string>Base</string>
			</array>
			<key>mainGroup</key>
			<string>9170B00B1B75A11B002BE0A7</string>
			<key>productRefGroup</key>
			<string>9170B0151B75A11B002BE0A7</string>
			<key>projectDirPath</key>
			<string></string>
			<key>projectReferences</key>
			<array/>
			<key>projectRoot</key>
			<string></string>
			<key>targets</key>
			<array>
				<string>9170B0131B75A11B002BE0A7</string>
				<string>9170B0281B75A11B002BE0A7</string>
			</array>
		</dict>
		<key>9170B00F1B75A11B002BE0A7</key>
		<dict>
			<key>buildConfigurations</key>
			<array>
				<string>9170B0311B75A11B002BE0A7</string>
				<string>9170B0321B75A11B002BE0A7</string>
			</array>
			<key>defaultConfigurationIsVisible</key>
			<string>0</string>
			<key>defaultConfigurationName</key>
			<string>Release</string>
			<key>isa</key>
			<string>XCConfigurationList</string>
		</dict>
		<key>9170B0101B75A11B002BE0A7</key>
		<dict>
			<key>buildActionMask</key>
			<string>2147483647</string>
			<key>files</key>
			<array>
				<string>9170B0511B761192002BE0A7</string>
				<string>9170B0551B7613C4002BE0A7</string>
				<string>9170B04D1B75BDF9002BE0A7</string>
				<string>9170B01A1B75A11B002BE0A7</string>
				<string>9170B03F1B75BA13002BE0A7</string>
				<string>9170B0451B75BB47002BE0A7</string>
				<string>9170B04F1B75BE6F002BE0A7</string>
				<string>9170B0571B7613E3002BE0A7</string>
				<string>9170B03D1B75ADA5002BE0A7</string>
				<string>9170B03B1B75A731002BE0A7</string>
			</array>
			<key>isa</key>
			<string>PBXSourcesBuildPhase</string>
			<key>runOnlyForDeploymentPostprocessing</key>
			<string>0</string>
		</dict>
		<key>9170B0111B75A11B002BE0A7</key>
		<dict>
			<key>buildActionMask</key>
			<string>2147483647</string>
			<key>files</key>
			<array/>
			<key>isa</key>
			<string>PBXFrameworksBuildPhase</string>
			<key>runOnlyForDeploymentPostprocessing</key>
			<string>0</string>
		</dict>
		<key>9170B0121B75A11B002BE0A7</key>
		<dict>
			<key>buildActionMask</key>
			<string>2147483647</string>
			<key>files</key>
			<array>
				<string>9170B0471B75BB64002BE0A7</string>
				<string>9170B0531B7611AD002BE0A7</string>
				<string>9170B0411B75BA57002BE0A7</string>
				<string>9170B0241B75A11B002BE0A7</string>
				<string>9170B0491B75BDCE002BE0A7</string>
				<string>91F37EB41B7634C700B15EBD</string>
				<string>9170B0211B75A11B002BE0A7</string>
				<string>9170B04B1B75BDDF002BE0A7</string>
			</array>
			<key>isa</key>
			<string>PBXResourcesBuildPhase</string>
			<key>runOnlyForDeploymentPostprocessing</key>
			<string>0</string>
		</dict>
		<key>9170B0131B75A11B002BE0A7</key>
		<dict>
			<key>buildConfigurationList</key>
			<string>9170B0331B75A11B002BE0A7</string>
			<key>buildPhases</key>
			<array>
				<string>9170B0101B75A11B002BE0A7</string>
				<string>9170B0111B75A11B002BE0A7</string>
				<string>9170B0121B75A11B002BE0A7</string>
			</array>
			<key>buildRules</key>
			<array/>
			<key>dependencies</key>
			<array/>
			<key>isa</key>
			<string>PBXNativeTarget</string>
			<key>name</key>
			<string>ARNZoomImageTransition</string>
			<key>productName</key>
			<string>ARNZoomImageTransition</string>
			<key>productReference</key>
			<string>9170B0141B75A11B002BE0A7</string>
			<key>productType</key>
			<string>com.apple.product-type.application</string>
		</dict>
		<key>9170B0141B75A11B002BE0A7</key>
		<dict>
			<key>explicitFileType</key>
			<string>wrapper.application</string>
			<key>includeInIndex</key>
			<string>0</string>
			<key>isa</key>
			<string>PBXFileReference</string>
			<key>path</key>
			<string>ARNZoomImageTransition.app</string>
			<key>sourceTree</key>
			<string>BUILT_PRODUCTS_DIR</string>
		</dict>
		<key>9170B0151B75A11B002BE0A7</key>
		<dict>
			<key>children</key>
			<array>
				<string>9170B0141B75A11B002BE0A7</string>
				<string>9170B0291B75A11B002BE0A7</string>
			</array>
			<key>isa</key>
			<string>PBXGroup</string>
			<key>name</key>
			<string>Products</string>
			<key>sourceTree</key>
			<string>&lt;group&gt;</string>
		</dict>
		<key>9170B0161B75A11B002BE0A7</key>
		<dict>
			<key>children</key>
			<array>
				<string>9170B0191B75A11B002BE0A7</string>
				<string>9170B0391B75A122002BE0A7</string>
				<string>91F37EB51B7634D800B15EBD</string>
				<string>91F37EB61B7634E800B15EBD</string>
				<string>91F37EB31B7634C700B15EBD</string>
				<string>9170B0201B75A11B002BE0A7</string>
				<string>9170B0221B75A11B002BE0A7</string>
				<string>9170B0171B75A11B002BE0A7</string>
			</array>
			<key>isa</key>
			<string>PBXGroup</string>
			<key>path</key>
			<string>ARNZoomImageTransition</string>
			<key>sourceTree</key>
			<string>&lt;group&gt;</string>
		</dict>
		<key>9170B0171B75A11B002BE0A7</key>
		<dict>
			<key>children</key>
			<array>
				<string>9170B0181B75A11B002BE0A7</string>
			</array>
			<key>isa</key>
			<string>PBXGroup</string>
			<key>name</key>
			<string>Supporting Files</string>
			<key>path</key>
			<string>Supporting Files</string>
			<key>sourceTree</key>
			<string>&lt;group&gt;</string>
		</dict>
		<key>9170B0181B75A11B002BE0A7</key>
		<dict>
			<key>isa</key>
			<string>PBXFileReference</string>
			<key>lastKnownFileType</key>
			<string>text.plist.xml</string>
			<key>path</key>
			<string>Info.plist</string>
			<key>sourceTree</key>
			<string>&lt;group&gt;</string>
		</dict>
		<key>9170B0191B75A11B002BE0A7</key>
		<dict>
			<key>isa</key>
			<string>PBXFileReference</string>
			<key>lastKnownFileType</key>
			<string>sourcecode.swift</string>
			<key>path</key>
			<string>AppDelegate.swift</string>
			<key>sourceTree</key>
			<string>&lt;group&gt;</string>
		</dict>
		<key>9170B01A1B75A11B002BE0A7</key>
		<dict>
			<key>fileRef</key>
			<string>9170B0191B75A11B002BE0A7</string>
			<key>isa</key>
			<string>PBXBuildFile</string>
		</dict>
		<key>9170B0201B75A11B002BE0A7</key>
		<dict>
			<key>isa</key>
			<string>PBXFileReference</string>
			<key>lastKnownFileType</key>
			<string>folder.assetcatalog</string>
			<key>path</key>
			<string>Images.xcassets</string>
			<key>sourceTree</key>
			<string>&lt;group&gt;</string>
		</dict>
		<key>9170B0211B75A11B002BE0A7</key>
		<dict>
			<key>fileRef</key>
			<string>9170B0201B75A11B002BE0A7</string>
			<key>isa</key>
			<string>PBXBuildFile</string>
		</dict>
		<key>9170B0221B75A11B002BE0A7</key>
		<dict>
			<key>children</key>
			<array>
				<string>9170B0231B75A11B002BE0A7</string>
			</array>
			<key>isa</key>
			<string>PBXVariantGroup</string>
			<key>name</key>
			<string>LaunchScreen.xib</string>
			<key>path</key>
			<string>.</string>
			<key>sourceTree</key>
			<string>&lt;group&gt;</string>
		</dict>
		<key>9170B0231B75A11B002BE0A7</key>
		<dict>
			<key>isa</key>
			<string>PBXFileReference</string>
			<key>lastKnownFileType</key>
			<string>file.xib</string>
			<key>name</key>
			<string>Base</string>
			<key>path</key>
			<string>Base.lproj/LaunchScreen.xib</string>
			<key>sourceTree</key>
			<string>&lt;group&gt;</string>
		</dict>
		<key>9170B0241B75A11B002BE0A7</key>
		<dict>
			<key>fileRef</key>
			<string>9170B0221B75A11B002BE0A7</string>
			<key>isa</key>
			<string>PBXBuildFile</string>
		</dict>
		<key>9170B0251B75A11B002BE0A7</key>
		<dict>
			<key>buildActionMask</key>
			<string>2147483647</string>
			<key>files</key>
			<array>
				<string>9170B0301B75A11B002BE0A7</string>
			</array>
			<key>isa</key>
			<string>PBXSourcesBuildPhase</string>
			<key>runOnlyForDeploymentPostprocessing</key>
			<string>0</string>
		</dict>
		<key>9170B0261B75A11B002BE0A7</key>
		<dict>
			<key>buildActionMask</key>
			<string>2147483647</string>
			<key>files</key>
			<array/>
			<key>isa</key>
			<string>PBXFrameworksBuildPhase</string>
			<key>runOnlyForDeploymentPostprocessing</key>
			<string>0</string>
		</dict>
		<key>9170B0271B75A11B002BE0A7</key>
		<dict>
			<key>buildActionMask</key>
			<string>2147483647</string>
			<key>files</key>
			<array/>
			<key>isa</key>
			<string>PBXResourcesBuildPhase</string>
			<key>runOnlyForDeploymentPostprocessing</key>
			<string>0</string>
		</dict>
		<key>9170B0281B75A11B002BE0A7</key>
		<dict>
			<key>buildConfigurationList</key>
			<string>9170B0361B75A11B002BE0A7</string>
			<key>buildPhases</key>
			<array>
				<string>9170B0251B75A11B002BE0A7</string>
				<string>9170B0261B75A11B002BE0A7</string>
				<string>9170B0271B75A11B002BE0A7</string>
			</array>
			<key>buildRules</key>
			<array/>
			<key>dependencies</key>
			<array>
				<string>9170B02B1B75A11B002BE0A7</string>
			</array>
			<key>isa</key>
			<string>PBXNativeTarget</string>
			<key>name</key>
			<string>ARNZoomImageTransitionTests</string>
			<key>productName</key>
			<string>ARNZoomImageTransitionTests</string>
			<key>productReference</key>
			<string>9170B0291B75A11B002BE0A7</string>
			<key>productType</key>
			<string>com.apple.product-type.bundle.unit-test</string>
		</dict>
		<key>9170B0291B75A11B002BE0A7</key>
		<dict>
			<key>explicitFileType</key>
			<string>wrapper.cfbundle</string>
			<key>includeInIndex</key>
			<string>0</string>
			<key>isa</key>
			<string>PBXFileReference</string>
			<key>path</key>
			<string>ARNZoomImageTransitionTests.xctest</string>
			<key>sourceTree</key>
			<string>BUILT_PRODUCTS_DIR</string>
		</dict>
		<key>9170B02A1B75A11B002BE0A7</key>
		<dict>
			<key>containerPortal</key>
			<string>9170B00C1B75A11B002BE0A7</string>
			<key>isa</key>
			<string>PBXContainerItemProxy</string>
			<key>proxyType</key>
			<string>1</string>
			<key>remoteGlobalIDString</key>
			<string>9170B0131B75A11B002BE0A7</string>
			<key>remoteInfo</key>
			<string>ARNZoomImageTransition</string>
		</dict>
		<key>9170B02B1B75A11B002BE0A7</key>
		<dict>
			<key>isa</key>
			<string>PBXTargetDependency</string>
			<key>target</key>
			<string>9170B0131B75A11B002BE0A7</string>
			<key>targetProxy</key>
			<string>9170B02A1B75A11B002BE0A7</string>
		</dict>
		<key>9170B02C1B75A11B002BE0A7</key>
		<dict>
			<key>children</key>
			<array>
				<string>9170B02F1B75A11B002BE0A7</string>
				<string>9170B02D1B75A11B002BE0A7</string>
			</array>
			<key>isa</key>
			<string>PBXGroup</string>
			<key>path</key>
			<string>ARNZoomImageTransitionTests</string>
			<key>sourceTree</key>
			<string>&lt;group&gt;</string>
		</dict>
		<key>9170B02D1B75A11B002BE0A7</key>
		<dict>
			<key>children</key>
			<array>
				<string>9170B02E1B75A11B002BE0A7</string>
			</array>
			<key>isa</key>
			<string>PBXGroup</string>
			<key>name</key>
			<string>Supporting Files</string>
			<key>path</key>
			<string>Supporting Files</string>
			<key>sourceTree</key>
			<string>&lt;group&gt;</string>
		</dict>
		<key>9170B02E1B75A11B002BE0A7</key>
		<dict>
			<key>isa</key>
			<string>PBXFileReference</string>
			<key>lastKnownFileType</key>
			<string>text.plist.xml</string>
			<key>path</key>
			<string>Info.plist</string>
			<key>sourceTree</key>
			<string>&lt;group&gt;</string>
		</dict>
		<key>9170B02F1B75A11B002BE0A7</key>
		<dict>
			<key>isa</key>
			<string>PBXFileReference</string>
			<key>lastKnownFileType</key>
			<string>sourcecode.swift</string>
			<key>path</key>
			<string>ARNZoomImageTransitionTests.swift</string>
			<key>sourceTree</key>
			<string>&lt;group&gt;</string>
		</dict>
		<key>9170B0301B75A11B002BE0A7</key>
		<dict>
			<key>fileRef</key>
			<string>9170B02F1B75A11B002BE0A7</string>
			<key>isa</key>
			<string>PBXBuildFile</string>
		</dict>
		<key>9170B0311B75A11B002BE0A7</key>
		<dict>
			<key>buildSettings</key>
			<dict>
				<key>ALWAYS_SEARCH_USER_PATHS</key>
				<string>NO</string>
				<key>CLANG_CXX_LANGUAGE_STANDARD</key>
				<string>gnu++0x</string>
				<key>CLANG_CXX_LIBRARY</key>
				<string>libc++</string>
				<key>CLANG_ENABLE_MODULES</key>
				<string>YES</string>
				<key>CLANG_ENABLE_OBJC_ARC</key>
				<string>YES</string>
				<key>CLANG_WARN_BOOL_CONVERSION</key>
				<string>YES</string>
				<key>CLANG_WARN_CONSTANT_CONVERSION</key>
				<string>YES</string>
				<key>CLANG_WARN_DIRECT_OBJC_ISA_USAGE</key>
				<string>YES_ERROR</string>
				<key>CLANG_WARN_EMPTY_BODY</key>
				<string>YES</string>
				<key>CLANG_WARN_ENUM_CONVERSION</key>
				<string>YES</string>
				<key>CLANG_WARN_INT_CONVERSION</key>
				<string>YES</string>
				<key>CLANG_WARN_OBJC_ROOT_CLASS</key>
				<string>YES_ERROR</string>
				<key>CLANG_WARN_UNREACHABLE_CODE</key>
				<string>YES</string>
				<key>CLANG_WARN__DUPLICATE_METHOD_MATCH</key>
				<string>YES</string>
				<key>CODE_SIGN_IDENTITY[sdk=iphoneos*]</key>
				<string>iPhone Developer</string>
				<key>COPY_PHASE_STRIP</key>
				<string>NO</string>
				<key>DEBUG_INFORMATION_FORMAT</key>
				<string>dwarf-with-dsym</string>
				<key>ENABLE_STRICT_OBJC_MSGSEND</key>
				<string>YES</string>
				<key>GCC_C_LANGUAGE_STANDARD</key>
				<string>gnu99</string>
				<key>GCC_DYNAMIC_NO_PIC</key>
				<string>NO</string>
				<key>GCC_NO_COMMON_BLOCKS</key>
				<string>YES</string>
				<key>GCC_OPTIMIZATION_LEVEL</key>
				<string>0</string>
				<key>GCC_PREPROCESSOR_DEFINITIONS</key>
				<array>
					<string>DEBUG=1</string>
					<string>$(inherited)</string>
				</array>
				<key>GCC_SYMBOLS_PRIVATE_EXTERN</key>
				<string>NO</string>
				<key>GCC_WARN_64_TO_32_BIT_CONVERSION</key>
				<string>YES</string>
				<key>GCC_WARN_ABOUT_RETURN_TYPE</key>
				<string>YES_ERROR</string>
				<key>GCC_WARN_UNDECLARED_SELECTOR</key>
				<string>YES</string>
				<key>GCC_WARN_UNINITIALIZED_AUTOS</key>
				<string>YES_AGGRESSIVE</string>
				<key>GCC_WARN_UNUSED_FUNCTION</key>
				<string>YES</string>
				<key>GCC_WARN_UNUSED_VARIABLE</key>
				<string>YES</string>
				<key>IPHONEOS_DEPLOYMENT_TARGET</key>
				<string>8.1</string>
				<key>MTL_ENABLE_DEBUG_INFO</key>
				<string>YES</string>
				<key>ONLY_ACTIVE_ARCH</key>
				<string>YES</string>
				<key>SDKROOT</key>
				<string>iphoneos</string>
				<key>SWIFT_OPTIMIZATION_LEVEL</key>
				<string>-Onone</string>
			</dict>
			<key>isa</key>
			<string>XCBuildConfiguration</string>
			<key>name</key>
			<string>Debug</string>
		</dict>
		<key>9170B0321B75A11B002BE0A7</key>
		<dict>
			<key>buildSettings</key>
			<dict>
				<key>ALWAYS_SEARCH_USER_PATHS</key>
				<string>NO</string>
				<key>CLANG_CXX_LANGUAGE_STANDARD</key>
				<string>gnu++0x</string>
				<key>CLANG_CXX_LIBRARY</key>
				<string>libc++</string>
				<key>CLANG_ENABLE_MODULES</key>
				<string>YES</string>
				<key>CLANG_ENABLE_OBJC_ARC</key>
				<string>YES</string>
				<key>CLANG_WARN_BOOL_CONVERSION</key>
				<string>YES</string>
				<key>CLANG_WARN_CONSTANT_CONVERSION</key>
				<string>YES</string>
				<key>CLANG_WARN_DIRECT_OBJC_ISA_USAGE</key>
				<string>YES_ERROR</string>
				<key>CLANG_WARN_EMPTY_BODY</key>
				<string>YES</string>
				<key>CLANG_WARN_ENUM_CONVERSION</key>
				<string>YES</string>
				<key>CLANG_WARN_INT_CONVERSION</key>
				<string>YES</string>
				<key>CLANG_WARN_OBJC_ROOT_CLASS</key>
				<string>YES_ERROR</string>
				<key>CLANG_WARN_UNREACHABLE_CODE</key>
				<string>YES</string>
				<key>CLANG_WARN__DUPLICATE_METHOD_MATCH</key>
				<string>YES</string>
				<key>CODE_SIGN_IDENTITY[sdk=iphoneos*]</key>
				<string>iPhone Developer</string>
				<key>COPY_PHASE_STRIP</key>
				<string>NO</string>
				<key>DEBUG_INFORMATION_FORMAT</key>
				<string>dwarf-with-dsym</string>
				<key>ENABLE_NS_ASSERTIONS</key>
				<string>NO</string>
				<key>ENABLE_STRICT_OBJC_MSGSEND</key>
				<string>YES</string>
				<key>GCC_C_LANGUAGE_STANDARD</key>
				<string>gnu99</string>
				<key>GCC_NO_COMMON_BLOCKS</key>
				<string>YES</string>
				<key>GCC_WARN_64_TO_32_BIT_CONVERSION</key>
				<string>YES</string>
				<key>GCC_WARN_ABOUT_RETURN_TYPE</key>
				<string>YES_ERROR</string>
				<key>GCC_WARN_UNDECLARED_SELECTOR</key>
				<string>YES</string>
				<key>GCC_WARN_UNINITIALIZED_AUTOS</key>
				<string>YES_AGGRESSIVE</string>
				<key>GCC_WARN_UNUSED_FUNCTION</key>
				<string>YES</string>
				<key>GCC_WARN_UNUSED_VARIABLE</key>
				<string>YES</string>
				<key>IPHONEOS_DEPLOYMENT_TARGET</key>
				<string>8.1</string>
				<key>MTL_ENABLE_DEBUG_INFO</key>
				<string>NO</string>
				<key>SDKROOT</key>
				<string>iphoneos</string>
				<key>VALIDATE_PRODUCT</key>
				<string>YES</string>
			</dict>
			<key>isa</key>
			<string>XCBuildConfiguration</string>
			<key>name</key>
			<string>Release</string>
		</dict>
		<key>9170B0331B75A11B002BE0A7</key>
		<dict>
			<key>buildConfigurations</key>
			<array>
				<string>9170B0341B75A11B002BE0A7</string>
				<string>9170B0351B75A11B002BE0A7</string>
			</array>
			<key>defaultConfigurationIsVisible</key>
			<string>0</string>
			<key>defaultConfigurationName</key>
			<string>Release</string>
			<key>isa</key>
			<string>XCConfigurationList</string>
		</dict>
		<key>9170B0341B75A11B002BE0A7</key>
		<dict>
			<key>buildSettings</key>
			<dict>
				<key>ASSETCATALOG_COMPILER_APPICON_NAME</key>
				<string>AppIcon</string>
				<key>INFOPLIST_FILE</key>
				<string>ARNZoomImageTransition/Supporting Files/Info.plist</string>
				<key>LD_RUNPATH_SEARCH_PATHS</key>
				<string>$(inherited) @executable_path/Frameworks</string>
				<key>PRODUCT_NAME</key>
				<string>$(TARGET_NAME)</string>
			</dict>
			<key>isa</key>
			<string>XCBuildConfiguration</string>
			<key>name</key>
			<string>Debug</string>
		</dict>
		<key>9170B0351B75A11B002BE0A7</key>
		<dict>
			<key>buildSettings</key>
			<dict>
				<key>ASSETCATALOG_COMPILER_APPICON_NAME</key>
				<string>AppIcon</string>
				<key>INFOPLIST_FILE</key>
				<string>ARNZoomImageTransition/Supporting Files/Info.plist</string>
				<key>LD_RUNPATH_SEARCH_PATHS</key>
				<string>$(inherited) @executable_path/Frameworks</string>
				<key>PRODUCT_NAME</key>
				<string>$(TARGET_NAME)</string>
			</dict>
			<key>isa</key>
			<string>XCBuildConfiguration</string>
			<key>name</key>
			<string>Release</string>
		</dict>
		<key>9170B0361B75A11B002BE0A7</key>
		<dict>
			<key>buildConfigurations</key>
			<array>
				<string>9170B0371B75A11B002BE0A7</string>
				<string>9170B0381B75A11B002BE0A7</string>
			</array>
			<key>defaultConfigurationIsVisible</key>
			<string>0</string>
			<key>defaultConfigurationName</key>
			<string>Release</string>
			<key>isa</key>
			<string>XCConfigurationList</string>
		</dict>
		<key>9170B0371B75A11B002BE0A7</key>
		<dict>
			<key>buildSettings</key>
			<dict>
				<key>BUNDLE_LOADER</key>
				<string>$(TEST_HOST)</string>
				<key>FRAMEWORK_SEARCH_PATHS</key>
				<array>
					<string>$(SDKROOT)/Developer/Library/Frameworks</string>
					<string>$(inherited)</string>
				</array>
				<key>GCC_PREPROCESSOR_DEFINITIONS</key>
				<array>
					<string>DEBUG=1</string>
					<string>$(inherited)</string>
				</array>
				<key>INFOPLIST_FILE</key>
				<string>ARNZoomImageTransitionTests/Supporting Files/Info.plist</string>
				<key>LD_RUNPATH_SEARCH_PATHS</key>
				<string>$(inherited) @executable_path/Frameworks @loader_path/Frameworks</string>
				<key>PRODUCT_NAME</key>
				<string>$(TARGET_NAME)</string>
				<key>TEST_HOST</key>
				<string>$(BUILT_PRODUCTS_DIR)/ARNZoomImageTransition.app/ARNZoomImageTransition</string>
			</dict>
			<key>isa</key>
			<string>XCBuildConfiguration</string>
			<key>name</key>
			<string>Debug</string>
		</dict>
		<key>9170B0381B75A11B002BE0A7</key>
		<dict>
			<key>buildSettings</key>
			<dict>
				<key>BUNDLE_LOADER</key>
				<string>$(TEST_HOST)</string>
				<key>FRAMEWORK_SEARCH_PATHS</key>
				<array>
					<string>$(SDKROOT)/Developer/Library/Frameworks</string>
					<string>$(inherited)</string>
				</array>
				<key>INFOPLIST_FILE</key>
				<string>ARNZoomImageTransitionTests/Supporting Files/Info.plist</string>
				<key>LD_RUNPATH_SEARCH_PATHS</key>
				<string>$(inherited) @executable_path/Frameworks @loader_path/Frameworks</string>
				<key>PRODUCT_NAME</key>
				<string>$(TARGET_NAME)</string>
				<key>TEST_HOST</key>
				<string>$(BUILT_PRODUCTS_DIR)/ARNZoomImageTransition.app/ARNZoomImageTransition</string>
			</dict>
			<key>isa</key>
			<string>XCBuildConfiguration</string>
			<key>name</key>
			<string>Release</string>
		</dict>
		<key>9170B0391B75A122002BE0A7</key>
		<dict>
			<key>children</key>
			<array>
				<string>9170B03A1B75A731002BE0A7</string>
				<string>9170B0561B7613E3002BE0A7</string>
				<string>9170B0541B7613C4002BE0A7</string>
				<string>9170B03C1B75ADA5002BE0A7</string>
			</array>
			<key>isa</key>
			<string>PBXGroup</string>
			<key>name</key>
			<string>Lib</string>
			<key>path</key>
			<string>Lib</string>
			<key>sourceTree</key>
			<string>&lt;group&gt;</string>
		</dict>
		<key>9170B03A1B75A731002BE0A7</key>
		<dict>
			<key>fileEncoding</key>
			<string>4</string>
			<key>isa</key>
			<string>PBXFileReference</string>
			<key>lastKnownFileType</key>
			<string>sourcecode.swift</string>
			<key>path</key>
			<string>ARNTransitionAnimator.swift</string>
			<key>sourceTree</key>
			<string>&lt;group&gt;</string>
		</dict>
		<key>9170B03B1B75A731002BE0A7</key>
		<dict>
			<key>fileRef</key>
			<string>9170B03A1B75A731002BE0A7</string>
			<key>isa</key>
			<string>PBXBuildFile</string>
		</dict>
		<key>9170B03C1B75ADA5002BE0A7</key>
		<dict>
			<key>fileEncoding</key>
			<string>4</string>
			<key>isa</key>
			<string>PBXFileReference</string>
			<key>lastKnownFileType</key>
			<string>sourcecode.swift</string>
			<key>path</key>
			<string>ARNImageTransitionNavigationController.swift</string>
			<key>sourceTree</key>
			<string>&lt;group&gt;</string>
		</dict>
		<key>9170B03D1B75ADA5002BE0A7</key>
		<dict>
			<key>fileRef</key>
			<string>9170B03C1B75ADA5002BE0A7</string>
			<key>isa</key>
			<string>PBXBuildFile</string>
		</dict>
		<key>9170B03E1B75BA13002BE0A7</key>
		<dict>
			<key>fileEncoding</key>
			<string>4</string>
			<key>isa</key>
			<string>PBXFileReference</string>
			<key>lastKnownFileType</key>
			<string>sourcecode.swift</string>
			<key>path</key>
			<string>DetailViewController.swift</string>
			<key>sourceTree</key>
			<string>&lt;group&gt;</string>
		</dict>
		<key>9170B03F1B75BA13002BE0A7</key>
		<dict>
			<key>fileRef</key>
			<string>9170B03E1B75BA13002BE0A7</string>
			<key>isa</key>
			<string>PBXBuildFile</string>
		</dict>
		<key>9170B0401B75BA57002BE0A7</key>
		<dict>
			<key>fileEncoding</key>
			<string>4</string>
			<key>isa</key>
			<string>PBXFileReference</string>
			<key>lastKnownFileType</key>
			<string>file.storyboard</string>
			<key>path</key>
			<string>DetailViewController.storyboard</string>
			<key>sourceTree</key>
			<string>&lt;group&gt;</string>
		</dict>
		<key>9170B0411B75BA57002BE0A7</key>
		<dict>
			<key>fileRef</key>
			<string>9170B0401B75BA57002BE0A7</string>
			<key>isa</key>
			<string>PBXBuildFile</string>
		</dict>
		<key>9170B0441B75BB47002BE0A7</key>
		<dict>
			<key>fileEncoding</key>
			<string>4</string>
			<key>isa</key>
			<string>PBXFileReference</string>
			<key>lastKnownFileType</key>
			<string>sourcecode.swift</string>
			<key>path</key>
			<string>MainViewController.swift</string>
			<key>sourceTree</key>
			<string>&lt;group&gt;</string>
		</dict>
		<key>9170B0451B75BB47002BE0A7</key>
		<dict>
			<key>fileRef</key>
			<string>9170B0441B75BB47002BE0A7</string>
			<key>isa</key>
			<string>PBXBuildFile</string>
		</dict>
		<key>9170B0461B75BB64002BE0A7</key>
		<dict>
			<key>fileEncoding</key>
			<string>4</string>
			<key>isa</key>
			<string>PBXFileReference</string>
			<key>lastKnownFileType</key>
			<string>file.storyboard</string>
			<key>path</key>
			<string>MainViewController.storyboard</string>
			<key>sourceTree</key>
			<string>&lt;group&gt;</string>
		</dict>
		<key>9170B0471B75BB64002BE0A7</key>
		<dict>
			<key>fileRef</key>
			<string>9170B0461B75BB64002BE0A7</string>
			<key>isa</key>
			<string>PBXBuildFile</string>
		</dict>
		<key>9170B0481B75BDCE002BE0A7</key>
		<dict>
			<key>fileEncoding</key>
			<string>4</string>
			<key>isa</key>
			<string>PBXFileReference</string>
			<key>lastKnownFileType</key>
			<string>file.xib</string>
			<key>path</key>
			<string>CollectionCell.xib</string>
			<key>sourceTree</key>
			<string>&lt;group&gt;</string>
		</dict>
		<key>9170B0491B75BDCE002BE0A7</key>
		<dict>
			<key>fileRef</key>
			<string>9170B0481B75BDCE002BE0A7</string>
			<key>isa</key>
			<string>PBXBuildFile</string>
		</dict>
		<key>9170B04A1B75BDDF002BE0A7</key>
		<dict>
			<key>fileEncoding</key>
			<string>4</string>
			<key>isa</key>
			<string>PBXFileReference</string>
			<key>lastKnownFileType</key>
			<string>file.xib</string>
			<key>path</key>
			<string>TableCell.xib</string>
			<key>sourceTree</key>
			<string>&lt;group&gt;</string>
		</dict>
		<key>9170B04B1B75BDDF002BE0A7</key>
		<dict>
			<key>fileRef</key>
			<string>9170B04A1B75BDDF002BE0A7</string>
			<key>isa</key>
			<string>PBXBuildFile</string>
		</dict>
		<key>9170B04C1B75BDF9002BE0A7</key>
		<dict>
			<key>fileEncoding</key>
			<string>4</string>
			<key>isa</key>
			<string>PBXFileReference</string>
			<key>lastKnownFileType</key>
			<string>sourcecode.swift</string>
			<key>path</key>
			<string>TableCell.swift</string>
			<key>sourceTree</key>
			<string>&lt;group&gt;</string>
		</dict>
		<key>9170B04D1B75BDF9002BE0A7</key>
		<dict>
			<key>fileRef</key>
			<string>9170B04C1B75BDF9002BE0A7</string>
			<key>isa</key>
			<string>PBXBuildFile</string>
		</dict>
		<key>9170B04E1B75BE6F002BE0A7</key>
		<dict>
			<key>fileEncoding</key>
			<string>4</string>
			<key>isa</key>
			<string>PBXFileReference</string>
			<key>lastKnownFileType</key>
			<string>sourcecode.swift</string>
			<key>path</key>
			<string>CollectionCell.swift</string>
			<key>sourceTree</key>
			<string>&lt;group&gt;</string>
		</dict>
		<key>9170B04F1B75BE6F002BE0A7</key>
		<dict>
			<key>fileRef</key>
			<string>9170B04E1B75BE6F002BE0A7</string>
			<key>isa</key>
			<string>PBXBuildFile</string>
		</dict>
		<key>9170B0501B761192002BE0A7</key>
		<dict>
			<key>fileEncoding</key>
			<string>4</string>
			<key>isa</key>
			<string>PBXFileReference</string>
			<key>lastKnownFileType</key>
			<string>sourcecode.swift</string>
			<key>path</key>
			<string>ModalViewController.swift</string>
			<key>sourceTree</key>
			<string>&lt;group&gt;</string>
		</dict>
		<key>9170B0511B761192002BE0A7</key>
		<dict>
			<key>fileRef</key>
			<string>9170B0501B761192002BE0A7</string>
			<key>isa</key>
			<string>PBXBuildFile</string>
		</dict>
		<key>9170B0521B7611AD002BE0A7</key>
		<dict>
			<key>fileEncoding</key>
			<string>4</string>
			<key>isa</key>
			<string>PBXFileReference</string>
			<key>lastKnownFileType</key>
			<string>file.storyboard</string>
			<key>path</key>
			<string>ModalViewController.storyboard</string>
			<key>sourceTree</key>
			<string>&lt;group&gt;</string>
		</dict>
		<key>9170B0531B7611AD002BE0A7</key>
		<dict>
			<key>fileRef</key>
			<string>9170B0521B7611AD002BE0A7</string>
			<key>isa</key>
			<string>PBXBuildFile</string>
		</dict>
		<key>9170B0541B7613C4002BE0A7</key>
		<dict>
			<key>fileEncoding</key>
			<string>4</string>
			<key>isa</key>
			<string>PBXFileReference</string>
			<key>lastKnownFileType</key>
			<string>sourcecode.swift</string>
			<key>path</key>
			<string>ARNModalImageTransitionViewController.swift</string>
			<key>sourceTree</key>
			<string>&lt;group&gt;</string>
		</dict>
		<key>9170B0551B7613C4002BE0A7</key>
		<dict>
			<key>fileRef</key>
			<string>9170B0541B7613C4002BE0A7</string>
			<key>isa</key>
			<string>PBXBuildFile</string>
		</dict>
		<key>9170B0561B7613E3002BE0A7</key>
		<dict>
			<key>fileEncoding</key>
			<string>4</string>
			<key>isa</key>
			<string>PBXFileReference</string>
			<key>lastKnownFileType</key>
			<string>sourcecode.swift</string>
			<key>path</key>
			<string>ARNImageZoomTransition.swift</string>
			<key>sourceTree</key>
			<string>&lt;group&gt;</string>
		</dict>
		<key>9170B0571B7613E3002BE0A7</key>
		<dict>
			<key>fileRef</key>
			<string>9170B0561B7613E3002BE0A7</string>
			<key>isa</key>
			<string>PBXBuildFile</string>
		</dict>
		<key>91F37EB31B7634C700B15EBD</key>
		<dict>
			<key>isa</key>
			<string>PBXFileReference</string>
			<key>lastKnownFileType</key>
			<string>image.jpeg</string>
			<key>path</key>
			<string>mos.jpg</string>
			<key>sourceTree</key>
			<string>&lt;group&gt;</string>
		</dict>
		<key>91F37EB41B7634C700B15EBD</key>
		<dict>
			<key>fileRef</key>
			<string>91F37EB31B7634C700B15EBD</string>
			<key>isa</key>
			<string>PBXBuildFile</string>
		</dict>
		<key>91F37EB51B7634D800B15EBD</key>
		<dict>
			<key>children</key>
			<array>
				<string>9170B0441B75BB47002BE0A7</string>
				<string>9170B0461B75BB64002BE0A7</string>
				<string>9170B03E1B75BA13002BE0A7</string>
				<string>9170B0401B75BA57002BE0A7</string>
				<string>9170B0501B761192002BE0A7</string>
				<string>9170B0521B7611AD002BE0A7</string>
			</array>
			<key>isa</key>
			<string>PBXGroup</string>
			<key>name</key>
			<string>Controller</string>
			<key>path</key>
			<string>Controller</string>
			<key>sourceTree</key>
			<string>&lt;group&gt;</string>
		</dict>
		<key>91F37EB61B7634E800B15EBD</key>
		<dict>
			<key>children</key>
			<array>
				<string>9170B04E1B75BE6F002BE0A7</string>
				<string>9170B0481B75BDCE002BE0A7</string>
				<string>9170B04C1B75BDF9002BE0A7</string>
				<string>9170B04A1B75BDDF002BE0A7</string>
			</array>
			<key>isa</key>
			<string>PBXGroup</string>
			<key>name</key>
			<string>Cell</string>
			<key>path</key>
			<string>Cell</string>
			<key>sourceTree</key>
			<string>&lt;group&gt;</string>
		</dict>
	</dict>
	<key>rootObject</key>
	<string>9170B00C1B75A11B002BE0A7</string>
</dict>
</plist>
