// !$*UTF8*$!
{
	archiveVersion = 1;
	classes = {
	};
	objectVersion = 46;
	objects = {

/* Begin PBXBuildFile section */
		9115E1C32099FCA200F26C0C /* ImageZoomAnimation.swift in Sources */ = {isa = PBXBuildFile; fileRef = 9115E1C22099FCA200F26C0C /* ImageZoomAnimation.swift */; };
		9170B01A1B75A11B002BE0A7 /* AppDelegate.swift in Sources */ = {isa = PBXBuildFile; fileRef = 9170B0191B75A11B002BE0A7 /* AppDelegate.swift */; };
		9170B0211B75A11B002BE0A7 /* Images.xcassets in Resources */ = {isa = PBXBuildFile; fileRef = 9170B0201B75A11B002BE0A7 /* Images.xcassets */; };
		9170B0241B75A11B002BE0A7 /* LaunchScreen.xib in Resources */ = {isa = PBXBuildFile; fileRef = 9170B0221B75A11B002BE0A7 /* LaunchScreen.xib */; };
		9170B0301B75A11B002BE0A7 /* ARNZoomImageTransitionTests.swift in Sources */ = {isa = PBXBuildFile; fileRef = 9170B02F1B75A11B002BE0A7 /* ARNZoomImageTransitionTests.swift */; };
		9170B03F1B75BA13002BE0A7 /* DetailViewController.swift in Sources */ = {isa = PBXBuildFile; fileRef = 9170B03E1B75BA13002BE0A7 /* DetailViewController.swift */; };
		9170B0411B75BA57002BE0A7 /* DetailViewController.storyboard in Resources */ = {isa = PBXBuildFile; fileRef = 9170B0401B75BA57002BE0A7 /* DetailViewController.storyboard */; };
		9170B0451B75BB47002BE0A7 /* MainViewController.swift in Sources */ = {isa = PBXBuildFile; fileRef = 9170B0441B75BB47002BE0A7 /* MainViewController.swift */; };
		9170B0471B75BB64002BE0A7 /* MainViewController.storyboard in Resources */ = {isa = PBXBuildFile; fileRef = 9170B0461B75BB64002BE0A7 /* MainViewController.storyboard */; };
		9170B0491B75BDCE002BE0A7 /* CollectionCell.xib in Resources */ = {isa = PBXBuildFile; fileRef = 9170B0481B75BDCE002BE0A7 /* CollectionCell.xib */; };
		9170B04B1B75BDDF002BE0A7 /* TableCell.xib in Resources */ = {isa = PBXBuildFile; fileRef = 9170B04A1B75BDDF002BE0A7 /* TableCell.xib */; };
		9170B04D1B75BDF9002BE0A7 /* TableCell.swift in Sources */ = {isa = PBXBuildFile; fileRef = 9170B04C1B75BDF9002BE0A7 /* TableCell.swift */; };
		9170B04F1B75BE6F002BE0A7 /* CollectionCell.swift in Sources */ = {isa = PBXBuildFile; fileRef = 9170B04E1B75BE6F002BE0A7 /* CollectionCell.swift */; };
		9170B0511B761192002BE0A7 /* ModalViewController.swift in Sources */ = {isa = PBXBuildFile; fileRef = 9170B0501B761192002BE0A7 /* ModalViewController.swift */; };
		9170B0531B7611AD002BE0A7 /* ModalViewController.storyboard in Resources */ = {isa = PBXBuildFile; fileRef = 9170B0521B7611AD002BE0A7 /* ModalViewController.storyboard */; };
		91F37EB41B7634C700B15EBD /* mos.jpg in Resources */ = {isa = PBXBuildFile; fileRef = 91F37EB31B7634C700B15EBD /* mos.jpg */; };
		BC01B91AF2F9BA3634DED98E /* Pods_ARNZoomImageTransition.framework in Frameworks */ = {isa = PBXBuildFile; fileRef = 7AED5B8DBF3EDF69A99FBD2E /* Pods_ARNZoomImageTransition.framework */; };
/* End PBXBuildFile section */

/* Begin PBXContainerItemProxy section */
		9170B02A1B75A11B002BE0A7 /* PBXContainerItemProxy */ = {
			isa = PBXContainerItemProxy;
			containerPortal = 9170B00C1B75A11B002BE0A7 /* Project object */;
			proxyType = 1;
			remoteGlobalIDString = 9170B0131B75A11B002BE0A7;
			remoteInfo = ARNZoomImageTransition;
		};
/* End PBXContainerItemProxy section */

/* Begin PBXFileReference section */
		409342D75B99ED5D861C450E /* Pods-ARNZoomImageTransition.release.xcconfig */ = {isa = PBXFileReference; includeInIndex = 1; lastKnownFileType = text.xcconfig; name = "Pods-ARNZoomImageTransition.release.xcconfig"; path = "Pods/Target Support Files/Pods-ARNZoomImageTransition/Pods-ARNZoomImageTransition.release.xcconfig"; sourceTree = "<group>"; };
		7AED5B8DBF3EDF69A99FBD2E /* Pods_ARNZoomImageTransition.framework */ = {isa = PBXFileReference; explicitFileType = wrapper.framework; includeInIndex = 0; path = Pods_ARNZoomImageTransition.framework; sourceTree = BUILT_PRODUCTS_DIR; };
		9115E1C22099FCA200F26C0C /* ImageZoomAnimation.swift */ = {isa = PBXFileReference; lastKnownFileType = sourcecode.swift; path = ImageZoomAnimation.swift; sourceTree = "<group>"; };
		9170B0141B75A11B002BE0A7 /* ARNZoomImageTransition.app */ = {isa = PBXFileReference; explicitFileType = wrapper.application; includeInIndex = 0; path = ARNZoomImageTransition.app; sourceTree = BUILT_PRODUCTS_DIR; };
		9170B0181B75A11B002BE0A7 /* Info.plist */ = {isa = PBXFileReference; lastKnownFileType = text.plist.xml; path = Info.plist; sourceTree = "<group>"; };
		9170B0191B75A11B002BE0A7 /* AppDelegate.swift */ = {isa = PBXFileReference; lastKnownFileType = sourcecode.swift; path = AppDelegate.swift; sourceTree = "<group>"; };
		9170B0201B75A11B002BE0A7 /* Images.xcassets */ = {isa = PBXFileReference; lastKnownFileType = folder.assetcatalog; path = Images.xcassets; sourceTree = "<group>"; };
		9170B0231B75A11B002BE0A7 /* Base */ = {isa = PBXFileReference; lastKnownFileType = file.xib; name = Base; path = Base.lproj/LaunchScreen.xib; sourceTree = "<group>"; };
		9170B0291B75A11B002BE0A7 /* ARNZoomImageTransitionTests.xctest */ = {isa = PBXFileReference; explicitFileType = wrapper.cfbundle; includeInIndex = 0; path = ARNZoomImageTransitionTests.xctest; sourceTree = BUILT_PRODUCTS_DIR; };
		9170B02E1B75A11B002BE0A7 /* Info.plist */ = {isa = PBXFileReference; lastKnownFileType = text.plist.xml; path = Info.plist; sourceTree = "<group>"; };
		9170B02F1B75A11B002BE0A7 /* ARNZoomImageTransitionTests.swift */ = {isa = PBXFileReference; lastKnownFileType = sourcecode.swift; path = ARNZoomImageTransitionTests.swift; sourceTree = "<group>"; };
		9170B03E1B75BA13002BE0A7 /* DetailViewController.swift */ = {isa = PBXFileReference; fileEncoding = 4; lastKnownFileType = sourcecode.swift; path = DetailViewController.swift; sourceTree = "<group>"; };
		9170B0401B75BA57002BE0A7 /* DetailViewController.storyboard */ = {isa = PBXFileReference; fileEncoding = 4; lastKnownFileType = file.storyboard; path = DetailViewController.storyboard; sourceTree = "<group>"; };
		9170B0441B75BB47002BE0A7 /* MainViewController.swift */ = {isa = PBXFileReference; fileEncoding = 4; lastKnownFileType = sourcecode.swift; path = MainViewController.swift; sourceTree = "<group>"; };
		9170B0461B75BB64002BE0A7 /* MainViewController.storyboard */ = {isa = PBXFileReference; fileEncoding = 4; lastKnownFileType = file.storyboard; path = MainViewController.storyboard; sourceTree = "<group>"; };
		9170B0481B75BDCE002BE0A7 /* CollectionCell.xib */ = {isa = PBXFileReference; fileEncoding = 4; lastKnownFileType = file.xib; path = CollectionCell.xib; sourceTree = "<group>"; };
		9170B04A1B75BDDF002BE0A7 /* TableCell.xib */ = {isa = PBXFileReference; fileEncoding = 4; lastKnownFileType = file.xib; path = TableCell.xib; sourceTree = "<group>"; };
		9170B04C1B75BDF9002BE0A7 /* TableCell.swift */ = {isa = PBXFileReference; fileEncoding = 4; lastKnownFileType = sourcecode.swift; path = TableCell.swift; sourceTree = "<group>"; };
		9170B04E1B75BE6F002BE0A7 /* CollectionCell.swift */ = {isa = PBXFileReference; fileEncoding = 4; lastKnownFileType = sourcecode.swift; path = CollectionCell.swift; sourceTree = "<group>"; };
		9170B0501B761192002BE0A7 /* ModalViewController.swift */ = {isa = PBXFileReference; fileEncoding = 4; lastKnownFileType = sourcecode.swift; path = ModalViewController.swift; sourceTree = "<group>"; };
		9170B0521B7611AD002BE0A7 /* ModalViewController.storyboard */ = {isa = PBXFileReference; fileEncoding = 4; lastKnownFileType = file.storyboard; path = ModalViewController.storyboard; sourceTree = "<group>"; };
		91F37EB31B7634C700B15EBD /* mos.jpg */ = {isa = PBXFileReference; lastKnownFileType = image.jpeg; path = mos.jpg; sourceTree = "<group>"; };
		AA7538BEF5F678A022822209 /* Pods-ARNZoomImageTransition.debug.xcconfig */ = {isa = PBXFileReference; includeInIndex = 1; lastKnownFileType = text.xcconfig; name = "Pods-ARNZoomImageTransition.debug.xcconfig"; path = "Pods/Target Support Files/Pods-ARNZoomImageTransition/Pods-ARNZoomImageTransition.debug.xcconfig"; sourceTree = "<group>"; };
/* End PBXFileReference section */

/* Begin PBXFrameworksBuildPhase section */
		9170B0111B75A11B002BE0A7 /* Frameworks */ = {
			isa = PBXFrameworksBuildPhase;
			buildActionMask = 2147483647;
			files = (
				BC01B91AF2F9BA3634DED98E /* Pods_ARNZoomImageTransition.framework in Frameworks */,
			);
			runOnlyForDeploymentPostprocessing = 0;
		};
		9170B0261B75A11B002BE0A7 /* Frameworks */ = {
			isa = PBXFrameworksBuildPhase;
			buildActionMask = 2147483647;
			files = (
			);
			runOnlyForDeploymentPostprocessing = 0;
		};
/* End PBXFrameworksBuildPhase section */

/* Begin PBXGroup section */
		04936135AD7ECCF114ED211B /* Pods */ = {
			isa = PBXGroup;
			children = (
				AA7538BEF5F678A022822209 /* Pods-ARNZoomImageTransition.debug.xcconfig */,
				409342D75B99ED5D861C450E /* Pods-ARNZoomImageTransition.release.xcconfig */,
			);
			name = Pods;
			sourceTree = "<group>";
		};
		2A3244743CB2ED90AF72E3AE /* Frameworks */ = {
			isa = PBXGroup;
			children = (
				7AED5B8DBF3EDF69A99FBD2E /* Pods_ARNZoomImageTransition.framework */,
			);
			name = Frameworks;
			sourceTree = "<group>";
		};
		9170B00B1B75A11B002BE0A7 = {
			isa = PBXGroup;
			children = (
				9170B0161B75A11B002BE0A7 /* ARNZoomImageTransition */,
				9170B02C1B75A11B002BE0A7 /* ARNZoomImageTransitionTests */,
				9170B0151B75A11B002BE0A7 /* Products */,
				04936135AD7ECCF114ED211B /* Pods */,
				2A3244743CB2ED90AF72E3AE /* Frameworks */,
			);
			sourceTree = "<group>";
		};
		9170B0151B75A11B002BE0A7 /* Products */ = {
			isa = PBXGroup;
			children = (
				9170B0141B75A11B002BE0A7 /* ARNZoomImageTransition.app */,
				9170B0291B75A11B002BE0A7 /* ARNZoomImageTransitionTests.xctest */,
			);
			name = Products;
			sourceTree = "<group>";
		};
		9170B0161B75A11B002BE0A7 /* ARNZoomImageTransition */ = {
			isa = PBXGroup;
			children = (
				9170B0191B75A11B002BE0A7 /* AppDelegate.swift */,
				9170B0391B75A122002BE0A7 /* Animation */,
				91F37EB51B7634D800B15EBD /* Controller */,
				91F37EB61B7634E800B15EBD /* Cell */,
				91F37EB31B7634C700B15EBD /* mos.jpg */,
				9170B0201B75A11B002BE0A7 /* Images.xcassets */,
				9170B0221B75A11B002BE0A7 /* LaunchScreen.xib */,
				9170B0171B75A11B002BE0A7 /* Supporting Files */,
			);
			path = ARNZoomImageTransition;
			sourceTree = "<group>";
		};
		9170B0171B75A11B002BE0A7 /* Supporting Files */ = {
			isa = PBXGroup;
			children = (
				9170B0181B75A11B002BE0A7 /* Info.plist */,
			);
			path = "Supporting Files";
			sourceTree = "<group>";
		};
		9170B02C1B75A11B002BE0A7 /* ARNZoomImageTransitionTests */ = {
			isa = PBXGroup;
			children = (
				9170B02F1B75A11B002BE0A7 /* ARNZoomImageTransitionTests.swift */,
				9170B02D1B75A11B002BE0A7 /* Supporting Files */,
			);
			path = ARNZoomImageTransitionTests;
			sourceTree = "<group>";
		};
		9170B02D1B75A11B002BE0A7 /* Supporting Files */ = {
			isa = PBXGroup;
			children = (
				9170B02E1B75A11B002BE0A7 /* Info.plist */,
			);
			path = "Supporting Files";
			sourceTree = "<group>";
		};
		9170B0391B75A122002BE0A7 /* Animation */ = {
			isa = PBXGroup;
			children = (
				9115E1C22099FCA200F26C0C /* ImageZoomAnimation.swift */,
			);
			path = Animation;
			sourceTree = "<group>";
		};
		91F37EB51B7634D800B15EBD /* Controller */ = {
			isa = PBXGroup;
			children = (
				9170B0441B75BB47002BE0A7 /* MainViewController.swift */,
				9170B0461B75BB64002BE0A7 /* MainViewController.storyboard */,
				9170B03E1B75BA13002BE0A7 /* DetailViewController.swift */,
				9170B0401B75BA57002BE0A7 /* DetailViewController.storyboard */,
				9170B0501B761192002BE0A7 /* ModalViewController.swift */,
				9170B0521B7611AD002BE0A7 /* ModalViewController.storyboard */,
			);
			path = Controller;
			sourceTree = "<group>";
		};
		91F37EB61B7634E800B15EBD /* Cell */ = {
			isa = PBXGroup;
			children = (
				9170B04E1B75BE6F002BE0A7 /* CollectionCell.swift */,
				9170B0481B75BDCE002BE0A7 /* CollectionCell.xib */,
				9170B04C1B75BDF9002BE0A7 /* TableCell.swift */,
				9170B04A1B75BDDF002BE0A7 /* TableCell.xib */,
			);
			path = Cell;
			sourceTree = "<group>";
		};
/* End PBXGroup section */

/* Begin PBXNativeTarget section */
		9170B0131B75A11B002BE0A7 /* ARNZoomImageTransition */ = {
			isa = PBXNativeTarget;
			buildConfigurationList = 9170B0331B75A11B002BE0A7 /* Build configuration list for PBXNativeTarget "ARNZoomImageTransition" */;
			buildPhases = (
				68CFA045C6C8024951D0EA9F /* [CP] Check Pods Manifest.lock */,
				9170B0101B75A11B002BE0A7 /* Sources */,
				9170B0111B75A11B002BE0A7 /* Frameworks */,
				9170B0121B75A11B002BE0A7 /* Resources */,
				F0FDC672FA0AA0D31003D6C8 /* [CP] Embed Pods Frameworks */,
			);
			buildRules = (
			);
			dependencies = (
			);
			name = ARNZoomImageTransition;
			productName = ARNZoomImageTransition;
			productReference = 9170B0141B75A11B002BE0A7 /* ARNZoomImageTransition.app */;
			productType = "com.apple.product-type.application";
		};
		9170B0281B75A11B002BE0A7 /* ARNZoomImageTransitionTests */ = {
			isa = PBXNativeTarget;
			buildConfigurationList = 9170B0361B75A11B002BE0A7 /* Build configuration list for PBXNativeTarget "ARNZoomImageTransitionTests" */;
			buildPhases = (
				9170B0251B75A11B002BE0A7 /* Sources */,
				9170B0261B75A11B002BE0A7 /* Frameworks */,
				9170B0271B75A11B002BE0A7 /* Resources */,
			);
			buildRules = (
			);
			dependencies = (
				9170B02B1B75A11B002BE0A7 /* PBXTargetDependency */,
			);
			name = ARNZoomImageTransitionTests;
			productName = ARNZoomImageTransitionTests;
			productReference = 9170B0291B75A11B002BE0A7 /* ARNZoomImageTransitionTests.xctest */;
			productType = "com.apple.product-type.bundle.unit-test";
		};
/* End PBXNativeTarget section */

/* Begin PBXProject section */
		9170B00C1B75A11B002BE0A7 /* Project object */ = {
			isa = PBXProject;
			attributes = {
				LastSwiftMigration = 0700;
				LastSwiftUpdateCheck = 0700;
				LastUpgradeCheck = 0930;
				ORGANIZATIONNAME = xxxAIRINxxx;
				TargetAttributes = {
					9170B0131B75A11B002BE0A7 = {
						CreatedOnToolsVersion = 6.4;
						DevelopmentTeam = P599PJHMNF;
					};
					9170B0281B75A11B002BE0A7 = {
						CreatedOnToolsVersion = 6.4;
						TestTargetID = 9170B0131B75A11B002BE0A7;
					};
				};
			};
			buildConfigurationList = 9170B00F1B75A11B002BE0A7 /* Build configuration list for PBXProject "ARNZoomImageTransition" */;
			compatibilityVersion = "Xcode 3.2";
			developmentRegion = English;
			hasScannedForEncodings = 0;
			knownRegions = (
				en,
				Base,
			);
			mainGroup = 9170B00B1B75A11B002BE0A7;
			productRefGroup = 9170B0151B75A11B002BE0A7 /* Products */;
			projectDirPath = "";
			projectRoot = "";
			targets = (
				9170B0131B75A11B002BE0A7 /* ARNZoomImageTransition */,
				9170B0281B75A11B002BE0A7 /* ARNZoomImageTransitionTests */,
			);
		};
/* End PBXProject section */

/* Begin PBXResourcesBuildPhase section */
		9170B0121B75A11B002BE0A7 /* Resources */ = {
			isa = PBXResourcesBuildPhase;
			buildActionMask = 2147483647;
			files = (
				9170B0471B75BB64002BE0A7 /* MainViewController.storyboard in Resources */,
				9170B0531B7611AD002BE0A7 /* ModalViewController.storyboard in Resources */,
				9170B0411B75BA57002BE0A7 /* DetailViewController.storyboard in Resources */,
				9170B0241B75A11B002BE0A7 /* LaunchScreen.xib in Resources */,
				9170B0491B75BDCE002BE0A7 /* CollectionCell.xib in Resources */,
				91F37EB41B7634C700B15EBD /* mos.jpg in Resources */,
				9170B0211B75A11B002BE0A7 /* Images.xcassets in Resources */,
				9170B04B1B75BDDF002BE0A7 /* TableCell.xib in Resources */,
			);
			runOnlyForDeploymentPostprocessing = 0;
		};
		9170B0271B75A11B002BE0A7 /* Resources */ = {
			isa = PBXResourcesBuildPhase;
			buildActionMask = 2147483647;
			files = (
			);
			runOnlyForDeploymentPostprocessing = 0;
		};
/* End PBXResourcesBuildPhase section */

/* Begin PBXShellScriptBuildPhase section */
		68CFA045C6C8024951D0EA9F /* [CP] Check Pods Manifest.lock */ = {
			isa = PBXShellScriptBuildPhase;
			buildActionMask = 2147483647;
			files = (
			);
			inputPaths = (
				"${PODS_PODFILE_DIR_PATH}/Podfile.lock",
				"${PODS_ROOT}/Manifest.lock",
			);
			name = "[CP] Check Pods Manifest.lock";
			outputPaths = (
				"$(DERIVED_FILE_DIR)/Pods-ARNZoomImageTransition-checkManifestLockResult.txt",
			);
			runOnlyForDeploymentPostprocessing = 0;
			shellPath = /bin/sh;
			shellScript = "diff \"${PODS_PODFILE_DIR_PATH}/Podfile.lock\" \"${PODS_ROOT}/Manifest.lock\" > /dev/null\nif [ $? != 0 ] ; then\n    # print error to STDERR\n    echo \"error: The sandbox is not in sync with the Podfile.lock. Run 'pod install' or update your CocoaPods installation.\" >&2\n    exit 1\nfi\n# This output is used by Xcode 'outputs' to avoid re-running this script phase.\necho \"SUCCESS\" > \"${SCRIPT_OUTPUT_FILE_0}\"\n";
			showEnvVarsInLog = 0;
		};
		F0FDC672FA0AA0D31003D6C8 /* [CP] Embed Pods Frameworks */ = {
			isa = PBXShellScriptBuildPhase;
			buildActionMask = 2147483647;
			files = (
			);
			inputPaths = (
				"${SRCROOT}/Pods/Target Support Files/Pods-ARNZoomImageTransition/Pods-ARNZoomImageTransition-frameworks.sh",
				"${BUILT_PRODUCTS_DIR}/ARNTransitionAnimator/ARNTransitionAnimator.framework",
			);
			name = "[CP] Embed Pods Frameworks";
			outputPaths = (
				"${TARGET_BUILD_DIR}/${FRAMEWORKS_FOLDER_PATH}/ARNTransitionAnimator.framework",
			);
			runOnlyForDeploymentPostprocessing = 0;
			shellPath = /bin/sh;
			shellScript = "\"${SRCROOT}/Pods/Target Support Files/Pods-ARNZoomImageTransition/Pods-ARNZoomImageTransition-frameworks.sh\"\n";
			showEnvVarsInLog = 0;
		};
/* End PBXShellScriptBuildPhase section */

/* Begin PBXSourcesBuildPhase section */
		9170B0101B75A11B002BE0A7 /* Sources */ = {
			isa = PBXSourcesBuildPhase;
			buildActionMask = 2147483647;
			files = (
				9170B0511B761192002BE0A7 /* ModalViewController.swift in Sources */,
				9115E1C32099FCA200F26C0C /* ImageZoomAnimation.swift in Sources */,
				9170B04D1B75BDF9002BE0A7 /* TableCell.swift in Sources */,
				9170B01A1B75A11B002BE0A7 /* AppDelegate.swift in Sources */,
				9170B03F1B75BA13002BE0A7 /* DetailViewController.swift in Sources */,
				9170B0451B75BB47002BE0A7 /* MainViewController.swift in Sources */,
				9170B04F1B75BE6F002BE0A7 /* CollectionCell.swift in Sources */,
			);
			runOnlyForDeploymentPostprocessing = 0;
		};
		9170B0251B75A11B002BE0A7 /* Sources */ = {
			isa = PBXSourcesBuildPhase;
			buildActionMask = 2147483647;
			files = (
				9170B0301B75A11B002BE0A7 /* ARNZoomImageTransitionTests.swift in Sources */,
			);
			runOnlyForDeploymentPostprocessing = 0;
		};
/* End PBXSourcesBuildPhase section */

/* Begin PBXTargetDependency section */
		9170B02B1B75A11B002BE0A7 /* PBXTargetDependency */ = {
			isa = PBXTargetDependency;
			target = 9170B0131B75A11B002BE0A7 /* ARNZoomImageTransition */;
			targetProxy = 9170B02A1B75A11B002BE0A7 /* PBXContainerItemProxy */;
		};
/* End PBXTargetDependency section */

/* Begin PBXVariantGroup section */
		9170B0221B75A11B002BE0A7 /* LaunchScreen.xib */ = {
			isa = PBXVariantGroup;
			children = (
				9170B0231B75A11B002BE0A7 /* Base */,
			);
			name = LaunchScreen.xib;
			path = .;
			sourceTree = "<group>";
		};
/* End PBXVariantGroup section */

/* Begin XCBuildConfiguration section */
		9170B0311B75A11B002BE0A7 /* Debug */ = {
			isa = XCBuildConfiguration;
			buildSettings = {
				ALWAYS_SEARCH_USER_PATHS = NO;
				CLANG_CXX_LANGUAGE_STANDARD = "gnu++0x";
				CLANG_CXX_LIBRARY = "libc++";
				CLANG_ENABLE_MODULES = YES;
				CLANG_ENABLE_OBJC_ARC = YES;
				CLANG_WARN_BLOCK_CAPTURE_AUTORELEASING = YES;
				CLANG_WARN_BOOL_CONVERSION = YES;
				CLANG_WARN_COMMA = YES;
				CLANG_WARN_CONSTANT_CONVERSION = YES;
				CLANG_WARN_DEPRECATED_OBJC_IMPLEMENTATIONS = YES;
				CLANG_WARN_DIRECT_OBJC_ISA_USAGE = YES_ERROR;
				CLANG_WARN_EMPTY_BODY = YES;
				CLANG_WARN_ENUM_CONVERSION = YES;
				CLANG_WARN_INFINITE_RECURSION = YES;
				CLANG_WARN_INT_CONVERSION = YES;
				CLANG_WARN_NON_LITERAL_NULL_CONVERSION = YES;
				CLANG_WARN_OBJC_IMPLICIT_RETAIN_SELF = YES;
				CLANG_WARN_OBJC_LITERAL_CONVERSION = YES;
				CLANG_WARN_OBJC_ROOT_CLASS = YES_ERROR;
				CLANG_WARN_RANGE_LOOP_ANALYSIS = YES;
				CLANG_WARN_STRICT_PROTOTYPES = YES;
				CLANG_WARN_SUSPICIOUS_MOVE = YES;
				CLANG_WARN_UNREACHABLE_CODE = YES;
				CLANG_WARN__DUPLICATE_METHOD_MATCH = YES;
				"CODE_SIGN_IDENTITY[sdk=iphoneos*]" = "iPhone Developer";
				COPY_PHASE_STRIP = NO;
				DEBUG_INFORMATION_FORMAT = "dwarf-with-dsym";
				ENABLE_STRICT_OBJC_MSGSEND = YES;
				ENABLE_TESTABILITY = YES;
				GCC_C_LANGUAGE_STANDARD = gnu99;
				GCC_DYNAMIC_NO_PIC = NO;
				GCC_NO_COMMON_BLOCKS = YES;
				GCC_OPTIMIZATION_LEVEL = 0;
				GCC_PREPROCESSOR_DEFINITIONS = (
					"DEBUG=1",
					"$(inherited)",
				);
				GCC_SYMBOLS_PRIVATE_EXTERN = NO;
				GCC_WARN_64_TO_32_BIT_CONVERSION = YES;
				GCC_WARN_ABOUT_RETURN_TYPE = YES_ERROR;
				GCC_WARN_UNDECLARED_SELECTOR = YES;
				GCC_WARN_UNINITIALIZED_AUTOS = YES_AGGRESSIVE;
				GCC_WARN_UNUSED_FUNCTION = YES;
				GCC_WARN_UNUSED_VARIABLE = YES;
				IPHONEOS_DEPLOYMENT_TARGET = 9.0;
				MTL_ENABLE_DEBUG_INFO = YES;
				ONLY_ACTIVE_ARCH = YES;
				SDKROOT = iphoneos;
				SWIFT_OPTIMIZATION_LEVEL = "-Onone";
				SWIFT_VERSION = 4.2;
			};
			name = Debug;
		};
		9170B0321B75A11B002BE0A7 /* Release */ = {
			isa = XCBuildConfiguration;
			buildSettings = {
				ALWAYS_SEARCH_USER_PATHS = NO;
				CLANG_CXX_LANGUAGE_STANDARD = "gnu++0x";
				CLANG_CXX_LIBRARY = "libc++";
				CLANG_ENABLE_MODULES = YES;
				CLANG_ENABLE_OBJC_ARC = YES;
				CLANG_WARN_BLOCK_CAPTURE_AUTORELEASING = YES;
				CLANG_WARN_BOOL_CONVERSION = YES;
				CLANG_WARN_COMMA = YES;
				CLANG_WARN_CONSTANT_CONVERSION = YES;
				CLANG_WARN_DEPRECATED_OBJC_IMPLEMENTATIONS = YES;
				CLANG_WARN_DIRECT_OBJC_ISA_USAGE = YES_ERROR;
				CLANG_WARN_EMPTY_BODY = YES;
				CLANG_WARN_ENUM_CONVERSION = YES;
				CLANG_WARN_INFINITE_RECURSION = YES;
				CLANG_WARN_INT_CONVERSION = YES;
				CLANG_WARN_NON_LITERAL_NULL_CONVERSION = YES;
				CLANG_WARN_OBJC_IMPLICIT_RETAIN_SELF = YES;
				CLANG_WARN_OBJC_LITERAL_CONVERSION = YES;
				CLANG_WARN_OBJC_ROOT_CLASS = YES_ERROR;
				CLANG_WARN_RANGE_LOOP_ANALYSIS = YES;
				CLANG_WARN_STRICT_PROTOTYPES = YES;
				CLANG_WARN_SUSPICIOUS_MOVE = YES;
				CLANG_WARN_UNREACHABLE_CODE = YES;
				CLANG_WARN__DUPLICATE_METHOD_MATCH = YES;
				"CODE_SIGN_IDENTITY[sdk=iphoneos*]" = "iPhone Developer";
				COPY_PHASE_STRIP = NO;
				DEBUG_INFORMATION_FORMAT = "dwarf-with-dsym";
				ENABLE_NS_ASSERTIONS = NO;
				ENABLE_STRICT_OBJC_MSGSEND = YES;
				GCC_C_LANGUAGE_STANDARD = gnu99;
				GCC_NO_COMMON_BLOCKS = YES;
				GCC_WARN_64_TO_32_BIT_CONVERSION = YES;
				GCC_WARN_ABOUT_RETURN_TYPE = YES_ERROR;
				GCC_WARN_UNDECLARED_SELECTOR = YES;
				GCC_WARN_UNINITIALIZED_AUTOS = YES_AGGRESSIVE;
				GCC_WARN_UNUSED_FUNCTION = YES;
				GCC_WARN_UNUSED_VARIABLE = YES;
				IPHONEOS_DEPLOYMENT_TARGET = 9.0;
				MTL_ENABLE_DEBUG_INFO = NO;
				SDKROOT = iphoneos;
				SWIFT_COMPILATION_MODE = wholemodule;
				SWIFT_VERSION = 4.2;
				VALIDATE_PRODUCT = YES;
			};
			name = Release;
		};
		9170B0341B75A11B002BE0A7 /* Debug */ = {
			isa = XCBuildConfiguration;
			baseConfigurationReference = AA7538BEF5F678A022822209 /* Pods-ARNZoomImageTransition.debug.xcconfig */;
			buildSettings = {
				ALWAYS_EMBED_SWIFT_STANDARD_LIBRARIES = "$(inherited)";
				ASSETCATALOG_COMPILER_APPICON_NAME = AppIcon;
				DEVELOPMENT_TEAM = P599PJHMNF;
				INFOPLIST_FILE = "ARNZoomImageTransition/Supporting Files/Info.plist";
				LD_RUNPATH_SEARCH_PATHS = "$(inherited) @executable_path/Frameworks";
				PRODUCT_BUNDLE_IDENTIFIER = "xxxAIRINxxx.$(PRODUCT_NAME:rfc1034identifier)";
				PRODUCT_NAME = "$(TARGET_NAME)";
				SWIFT_VERSION = 4.2;
			};
			name = Debug;
		};
		9170B0351B75A11B002BE0A7 /* Release */ = {
			isa = XCBuildConfiguration;
			baseConfigurationReference = 409342D75B99ED5D861C450E /* Pods-ARNZoomImageTransition.release.xcconfig */;
			buildSettings = {
				ALWAYS_EMBED_SWIFT_STANDARD_LIBRARIES = "$(inherited)";
				ASSETCATALOG_COMPILER_APPICON_NAME = AppIcon;
				DEVELOPMENT_TEAM = P599PJHMNF;
				INFOPLIST_FILE = "ARNZoomImageTransition/Supporting Files/Info.plist";
				LD_RUNPATH_SEARCH_PATHS = "$(inherited) @executable_path/Frameworks";
				PRODUCT_BUNDLE_IDENTIFIER = "xxxAIRINxxx.$(PRODUCT_NAME:rfc1034identifier)";
				PRODUCT_NAME = "$(TARGET_NAME)";
				SWIFT_VERSION = 4.2;
			};
			name = Release;
		};
		9170B0371B75A11B002BE0A7 /* Debug */ = {
			isa = XCBuildConfiguration;
			buildSettings = {
				ALWAYS_EMBED_SWIFT_STANDARD_LIBRARIES = "$(inherited)";
				BUNDLE_LOADER = "$(TEST_HOST)";
				FRAMEWORK_SEARCH_PATHS = (
					"$(SDKROOT)/Developer/Library/Frameworks",
					"$(inherited)",
				);
				GCC_PREPROCESSOR_DEFINITIONS = (
					"DEBUG=1",
					"$(inherited)",
				);
				INFOPLIST_FILE = "ARNZoomImageTransitionTests/Supporting Files/Info.plist";
				LD_RUNPATH_SEARCH_PATHS = "$(inherited) @executable_path/Frameworks @loader_path/Frameworks";
				PRODUCT_BUNDLE_IDENTIFIER = "xxxAIRINxxx.$(PRODUCT_NAME:rfc1034identifier)";
				PRODUCT_NAME = "$(TARGET_NAME)";
				SWIFT_VERSION = 4.2;
				TEST_HOST = "$(BUILT_PRODUCTS_DIR)/ARNZoomImageTransition.app/ARNZoomImageTransition";
			};
			name = Debug;
		};
		9170B0381B75A11B002BE0A7 /* Release */ = {
			isa = XCBuildConfiguration;
			buildSettings = {
				ALWAYS_EMBED_SWIFT_STANDARD_LIBRARIES = "$(inherited)";
				BUNDLE_LOADER = "$(TEST_HOST)";
				FRAMEWORK_SEARCH_PATHS = (
					"$(SDKROOT)/Developer/Library/Frameworks",
					"$(inherited)",
				);
				INFOPLIST_FILE = "ARNZoomImageTransitionTests/Supporting Files/Info.plist";
				LD_RUNPATH_SEARCH_PATHS = "$(inherited) @executable_path/Frameworks @loader_path/Frameworks";
				PRODUCT_BUNDLE_IDENTIFIER = "xxxAIRINxxx.$(PRODUCT_NAME:rfc1034identifier)";
				PRODUCT_NAME = "$(TARGET_NAME)";
				SWIFT_VERSION = 4.2;
				TEST_HOST = "$(BUILT_PRODUCTS_DIR)/ARNZoomImageTransition.app/ARNZoomImageTransition";
			};
			name = Release;
		};
/* End XCBuildConfiguration section */

/* Begin XCConfigurationList section */
		9170B00F1B75A11B002BE0A7 /* Build configuration list for PBXProject "ARNZoomImageTransition" */ = {
			isa = XCConfigurationList;
			buildConfigurations = (
				9170B0311B75A11B002BE0A7 /* Debug */,
				9170B0321B75A11B002BE0A7 /* Release */,
			);
			defaultConfigurationIsVisible = 0;
			defaultConfigurationName = Release;
		};
		9170B0331B75A11B002BE0A7 /* Build configuration list for PBXNativeTarget "ARNZoomImageTransition" */ = {
			isa = XCConfigurationList;
			buildConfigurations = (
				9170B0341B75A11B002BE0A7 /* Debug */,
				9170B0351B75A11B002BE0A7 /* Release */,
			);
			defaultConfigurationIsVisible = 0;
			defaultConfigurationName = Release;
		};
		9170B0361B75A11B002BE0A7 /* Build configuration list for PBXNativeTarget "ARNZoomImageTransitionTests" */ = {
			isa = XCConfigurationList;
			buildConfigurations = (
				9170B0371B75A11B002BE0A7 /* Debug */,
				9170B0381B75A11B002BE0A7 /* Release */,
			);
			defaultConfigurationIsVisible = 0;
			defaultConfigurationName = Release;
		};
/* End XCConfigurationList section */
	};
	rootObject = 9170B00C1B75A11B002BE0A7 /* Project object */;
}
