PODS:
  - ARNTransitionAnimator (3.2.0)

DEPENDENCIES:
  - ARNTransitionAnimator

SPEC REPOS:
  https://github.com/cocoapods/specs.git:
    - ARNTransitionAnimator

SPEC CHECKSUMS:
  ARNTransitionAnimator: 6fea1fe318b251abfd3cbd06d91215deb374ae40

PODFILE CHECKSUM: 0ae87dff851215849690e10df7efbf4ccb05cb81

COCOAPODS: 1.6.1
