PODS:
  - ARNTransitionAnimator (3.0.6)

DEPENDENCIES:
  - ARNTransitionAnimator

SPEC REPOS:
  https://github.com/CocoaPods/Specs.git:
    - ARNTransitionAnimator

SPEC CHECKSUMS:
  ARNTransitionAnimator: 6320bc6d3ab66c159ae2a06cad7c7725a2ec3c15

PODFILE CHECKSUM: f0182d5f1029ec9fe60895f359d9a1fae0057524

COCOAPODS: 1.5.0
